
Microsoft Visual Studio Solution File, Format Version 12.00
# Visual Studio Version 16
VisualStudioVersion = 16.0.32228.343
MinimumVisualStudioVersion = 10.0.40219.1
Project("{FAE04EC0-301F-11D3-BF4B-00C04F79EFBC}") = "lessorGreaterthen_100", "lessorGreaterthen_100\lessorGreaterthen_100.csproj", "{22738E07-1EBF-420A-AD51-43282CDB1286}"
EndProject
Global
	GlobalSection(SolutionConfigurationPlatforms) = preSolution
		Debug|Any CPU = Debug|Any CPU
		Release|Any CPU = Release|Any CPU
	EndGlobalSection
	GlobalSection(ProjectConfigurationPlatforms) = postSolution
		{22738E07-1EBF-420A-AD51-43282CDB1286}.Debug|Any CPU.ActiveCfg = Debug|Any CPU
		{22738E07-1EBF-420A-AD51-43282CDB1286}.Debug|Any CPU.Build.0 = Debug|Any CPU
		{22738E07-1EBF-420A-AD51-43282CDB1286}.Release|Any CPU.ActiveCfg = Release|Any CPU
		{22738E07-1EBF-420A-AD51-43282CDB1286}.Release|Any CPU.Build.0 = Release|Any CPU
	EndGlobalSection
	GlobalSection(SolutionProperties) = preSolution
		HideSolutionNode = FALSE
	EndGlobalSection
	GlobalSection(ExtensibilityGlobals) = postSolution
		SolutionGuid = {954043CA-DA8F-421F-AF1E-4FD0F76AFEAB}
	EndGlobalSection
EndGlobal
