
Microsoft Visual Studio Solution File, Format Version 12.00
# Visual Studio Version 16
VisualStudioVersion = 16.0.32228.343
MinimumVisualStudioVersion = 10.0.40219.1
Project("{FAE04EC0-301F-11D3-BF4B-00C04F79EFBC}") = "power_sum", "power_sum\power_sum.csproj", "{539BFF38-3E6E-4C48-BD64-2A992155ED0B}"
EndProject
Global
	GlobalSection(SolutionConfigurationPlatforms) = preSolution
		Debug|Any CPU = Debug|Any CPU
		Release|Any CPU = Release|Any CPU
	EndGlobalSection
	GlobalSection(ProjectConfigurationPlatforms) = postSolution
		{539BFF38-3E6E-4C48-BD64-2A992155ED0B}.Debug|Any CPU.ActiveCfg = Debug|Any CPU
		{539BFF38-3E6E-4C48-BD64-2A992155ED0B}.Debug|Any CPU.Build.0 = Debug|Any CPU
		{539BFF38-3E6E-4C48-BD64-2A992155ED0B}.Release|Any CPU.ActiveCfg = Release|Any CPU
		{539BFF38-3E6E-4C48-BD64-2A992155ED0B}.Release|Any CPU.Build.0 = Release|Any CPU
	EndGlobalSection
	GlobalSection(SolutionProperties) = preSolution
		HideSolutionNode = FALSE
	EndGlobalSection
	GlobalSection(ExtensibilityGlobals) = postSolution
		SolutionGuid = {B0E37122-AAE8-4DAC-B439-3C21AD42E490}
	EndGlobalSection
EndGlobal
