
Microsoft Visual Studio Solution File, Format Version 12.00
# Visual Studio Version 16
VisualStudioVersion = 16.0.32228.343
MinimumVisualStudioVersion = 10.0.40219.1
Project("{FAE04EC0-301F-11D3-BF4B-00C04F79EFBC}") = "indexofarrayexception", "indexofarrayexception\indexofarrayexception.csproj", "{5932137A-C4AA-4FEA-AAA9-207FD0A02456}"
EndProject
Global
	GlobalSection(SolutionConfigurationPlatforms) = preSolution
		Debug|Any CPU = Debug|Any CPU
		Release|Any CPU = Release|Any CPU
	EndGlobalSection
	GlobalSection(ProjectConfigurationPlatforms) = postSolution
		{5932137A-C4AA-4FEA-AAA9-207FD0A02456}.Debug|Any CPU.ActiveCfg = Debug|Any CPU
		{5932137A-C4AA-4FEA-AAA9-207FD0A02456}.Debug|Any CPU.Build.0 = Debug|Any CPU
		{5932137A-C4AA-4FEA-AAA9-207FD0A02456}.Release|Any CPU.ActiveCfg = Release|Any CPU
		{5932137A-C4AA-4FEA-AAA9-207FD0A02456}.Release|Any CPU.Build.0 = Release|Any CPU
	EndGlobalSection
	GlobalSection(SolutionProperties) = preSolution
		HideSolutionNode = FALSE
	EndGlobalSection
	GlobalSection(ExtensibilityGlobals) = postSolution
		SolutionGuid = {4D108F85-A746-42CE-ACCA-78C851A09343}
	EndGlobalSection
EndGlobal
