
Microsoft Visual Studio Solution File, Format Version 12.00
# Visual Studio Version 16
VisualStudioVersion = 16.0.32228.343
MinimumVisualStudioVersion = 10.0.40219.1
Project("{FAE04EC0-301F-11D3-BF4B-00C04F79EFBC}") = "sum_arrayelement", "sum_arrayelement\sum_arrayelement.csproj", "{0DFADE12-6B3F-4423-8029-16B07F3FD3C1}"
EndProject
Global
	GlobalSection(SolutionConfigurationPlatforms) = preSolution
		Debug|Any CPU = Debug|Any CPU
		Release|Any CPU = Release|Any CPU
	EndGlobalSection
	GlobalSection(ProjectConfigurationPlatforms) = postSolution
		{0DFADE12-6B3F-4423-8029-16B07F3FD3C1}.Debug|Any CPU.ActiveCfg = Debug|Any CPU
		{0DFADE12-6B3F-4423-8029-16B07F3FD3C1}.Debug|Any CPU.Build.0 = Debug|Any CPU
		{0DFADE12-6B3F-4423-8029-16B07F3FD3C1}.Release|Any CPU.ActiveCfg = Release|Any CPU
		{0DFADE12-6B3F-4423-8029-16B07F3FD3C1}.Release|Any CPU.Build.0 = Release|Any CPU
	EndGlobalSection
	GlobalSection(SolutionProperties) = preSolution
		HideSolutionNode = FALSE
	EndGlobalSection
	GlobalSection(ExtensibilityGlobals) = postSolution
		SolutionGuid = {162359B3-800E-4D13-9183-54F3C98F77CB}
	EndGlobalSection
EndGlobal
