
Microsoft Visual Studio Solution File, Format Version 12.00
# Visual Studio Version 16
VisualStudioVersion = 16.0.32228.343
MinimumVisualStudioVersion = 10.0.40219.1
Project("{FAE04EC0-301F-11D3-BF4B-00C04F79EFBC}") = "pymirdshap1To10Numbers", "pymirdshap1To10Numbers\pymirdshap1To10Numbers.csproj", "{665453DA-ECE7-4ABE-B19F-F6B4BC0DF3AD}"
EndProject
Global
	GlobalSection(SolutionConfigurationPlatforms) = preSolution
		Debug|Any CPU = Debug|Any CPU
		Release|Any CPU = Release|Any CPU
	EndGlobalSection
	GlobalSection(ProjectConfigurationPlatforms) = postSolution
		{665453DA-ECE7-4ABE-B19F-F6B4BC0DF3AD}.Debug|Any CPU.ActiveCfg = Debug|Any CPU
		{665453DA-ECE7-4ABE-B19F-F6B4BC0DF3AD}.Debug|Any CPU.Build.0 = Debug|Any CPU
		{665453DA-ECE7-4ABE-B19F-F6B4BC0DF3AD}.Release|Any CPU.ActiveCfg = Release|Any CPU
		{665453DA-ECE7-4ABE-B19F-F6B4BC0DF3AD}.Release|Any CPU.Build.0 = Release|Any CPU
	EndGlobalSection
	GlobalSection(SolutionProperties) = preSolution
		HideSolutionNode = FALSE
	EndGlobalSection
	GlobalSection(ExtensibilityGlobals) = postSolution
		SolutionGuid = {753CF8D7-FFCB-43B0-8162-50583EFB4CB2}
	EndGlobalSection
EndGlobal
