
Microsoft Visual Studio Solution File, Format Version 12.00
# Visual Studio Version 16
VisualStudioVersion = 16.0.32228.343
MinimumVisualStudioVersion = 10.0.40219.1
Project("{FAE04EC0-301F-11D3-BF4B-00C04F79EFBC}") = "sum_function", "sum_function\sum_function.csproj", "{595176BB-472A-4B8A-9308-4BDE67424BAB}"
EndProject
Global
	GlobalSection(SolutionConfigurationPlatforms) = preSolution
		Debug|Any CPU = Debug|Any CPU
		Release|Any CPU = Release|Any CPU
	EndGlobalSection
	GlobalSection(ProjectConfigurationPlatforms) = postSolution
		{595176BB-472A-4B8A-9308-4BDE67424BAB}.Debug|Any CPU.ActiveCfg = Debug|Any CPU
		{595176BB-472A-4B8A-9308-4BDE67424BAB}.Debug|Any CPU.Build.0 = Debug|Any CPU
		{595176BB-472A-4B8A-9308-4BDE67424BAB}.Release|Any CPU.ActiveCfg = Release|Any CPU
		{595176BB-472A-4B8A-9308-4BDE67424BAB}.Release|Any CPU.Build.0 = Release|Any CPU
	EndGlobalSection
	GlobalSection(SolutionProperties) = preSolution
		HideSolutionNode = FALSE
	EndGlobalSection
	GlobalSection(ExtensibilityGlobals) = postSolution
		SolutionGuid = {E8C51183-65D0-47C4-A22B-F4F373FA30B1}
	EndGlobalSection
EndGlobal
