
Microsoft Visual Studio Solution File, Format Version 12.00
# Visual Studio Version 16
VisualStudioVersion = 16.0.32228.343
MinimumVisualStudioVersion = 10.0.40219.1
Project("{FAE04EC0-301F-11D3-BF4B-00C04F79EFBC}") = "tables", "tables\tables.csproj", "{B5FFFF4E-7365-4B17-80B5-393AD0911573}"
EndProject
Global
	GlobalSection(SolutionConfigurationPlatforms) = preSolution
		Debug|Any CPU = Debug|Any CPU
		Release|Any CPU = Release|Any CPU
	EndGlobalSection
	GlobalSection(ProjectConfigurationPlatforms) = postSolution
		{B5FFFF4E-7365-4B17-80B5-393AD0911573}.Debug|Any CPU.ActiveCfg = Debug|Any CPU
		{B5FFFF4E-7365-4B17-80B5-393AD0911573}.Debug|Any CPU.Build.0 = Debug|Any CPU
		{B5FFFF4E-7365-4B17-80B5-393AD0911573}.Release|Any CPU.ActiveCfg = Release|Any CPU
		{B5FFFF4E-7365-4B17-80B5-393AD0911573}.Release|Any CPU.Build.0 = Release|Any CPU
	EndGlobalSection
	GlobalSection(SolutionProperties) = preSolution
		HideSolutionNode = FALSE
	EndGlobalSection
	GlobalSection(ExtensibilityGlobals) = postSolution
		SolutionGuid = {6DB55160-AF47-45AB-8E33-C10ABCD873DD}
	EndGlobalSection
EndGlobal
